
Microsoft Visual Studio Solution File, Format Version 12.00
# Visual Studio Version 17
VisualStudioVersion = 17.11.35303.130
MinimumVisualStudioVersion = 10.0.40219.1
Project("{2150E333-8FDC-42A3-9474-1A3956D46DE8}") = "Task0", "Task0", "{0716ACFD-4645-4CC2-876C-D08B01117140}"
EndProject
Project("{9A19103F-16F7-4668-BE54-9A1E7A4F7556}") = "Tyuiu.DylginA.Sprint0.Task0.V0", "Tyuiu.DylginA.Sprint0.Task0.V0\Tyuiu.DylginA.Sprint0.Task0.V0.csproj", "{9CFB372F-303A-4EF2-A44B-CAA84367B038}"
EndProject
Project("{2150E333-8FDC-42A3-9474-1A3956D46DE8}") = "Task1", "Task1", "{15EDEB86-DF0E-47C5-81DA-B00AB6DD4CBA}"
EndProject
Project("{9A19103F-16F7-4668-BE54-9A1E7A4F7556}") = "Tyuiu.DylginA.Sprint0.Task1.V0", "Tyuiu.DylginA.Sprint0.Task1.V0\Tyuiu.DylginA.Sprint0.Task1.V0.csproj", "{7CBFCC52-D558-4D8C-BD84-A7562AFC202A}"
EndProject
Project("{2150E333-8FDC-42A3-9474-1A3956D46DE8}") = "Task2", "Task2", "{0FA29A05-C8C8-4753-ADE3-A2EFFA6F0720}"
EndProject
Project("{9A19103F-16F7-4668-BE54-9A1E7A4F7556}") = "Tyuiu.DylginA.Sprint0.Task2.V0", "Tyuiu.DylginA.Sprint0.Task2.V0\Tyuiu.DylginA.Sprint0.Task2.V0.csproj", "{B25FF6E2-C7A9-4444-967A-703D92789A4B}"
EndProject
Project("{FAE04EC0-301F-11D3-BF4B-00C04F79EFBC}") = "Tyuiu.DylginA.Sprint0.Task2.V0.Lib", "Tyuiu.DylginA.Sprint0.Task2.V0.Lib\Tyuiu.DylginA.Sprint0.Task2.V0.Lib.csproj", "{7BDB0AAC-7522-416E-A5DC-39D0EE817F11}"
EndProject
Project("{FAE04EC0-301F-11D3-BF4B-00C04F79EFBC}") = "Tyuiu.DylginA.Sprint0.Task2.V0.Test", "Tyuiu.DylginA.Sprint0.Task2.V0.Test\Tyuiu.DylginA.Sprint0.Task2.V0.Test.csproj", "{8DFD55DD-7C41-48AE-B5FD-B67BF62F2224}"
EndProject
Project("{2150E333-8FDC-42A3-9474-1A3956D46DE8}") = "Task3", "Task3", "{41E9CD14-DE8B-4FAA-9304-840046881581}"
EndProject
Project("{FAE04EC0-301F-11D3-BF4B-00C04F79EFBC}") = "Tyuiu.DylginA.Sprint0.Task3.V0", "Tyuiu.DylginA.Sprint0.Task3.V0\Tyuiu.DylginA.Sprint0.Task3.V0.csproj", "{77B42C45-AD05-4EFC-BC92-D81417443026}"
EndProject
Project("{FAE04EC0-301F-11D3-BF4B-00C04F79EFBC}") = "Tyuiu.DylginA.Sprint0.Task3.V0.Lib", "Tyuiu.DylginA.Sprint0.Task3.V0.Lib\Tyuiu.DylginA.Sprint0.Task3.V0.Lib.csproj", "{CAC95B5F-6C54-47A5-A31B-07FEE39B6CBA}"
EndProject
Project("{FAE04EC0-301F-11D3-BF4B-00C04F79EFBC}") = "Tyuiu.DylginA.Sprint0.Task3.V0.Test", "Tyuiu.DylginA.Sprint0.Task3.V0.Test\Tyuiu.DylginA.Sprint0.Task3.V0.Test.csproj", "{4942F0E0-2314-4EBF-9C3B-EABC758C3222}"
EndProject
Project("{2150E333-8FDC-42A3-9474-1A3956D46DE8}") = "Task4", "Task4", "{8A6C62F1-3367-4A65-8DEE-3A977EF69285}"
EndProject
Project("{FAE04EC0-301F-11D3-BF4B-00C04F79EFBC}") = "Tyuiu.DylginA.Sprint0.Task4.V0", "Tyuiu.DylginA.Sprint0.Task4.V0\Tyuiu.DylginA.Sprint0.Task4.V0.csproj", "{802A14DD-D17E-4B6F-945B-54BF3F27C3CA}"
EndProject
Project("{FAE04EC0-301F-11D3-BF4B-00C04F79EFBC}") = "Tyuiu.DylginA.Sprint0.Task4.V0.Lib", "Tyuiu.DylginA.Sprint0.Task4.V0.Lib\Tyuiu.DylginA.Sprint0.Task4.V0.Lib.csproj", "{1A93878D-B60F-4EB2-ACAF-B5E5002E1245}"
EndProject
Project("{FAE04EC0-301F-11D3-BF4B-00C04F79EFBC}") = "Tyuiu.DylginA.Sprint0.Task4.V0.Test", "Tyuiu.DylginA.Sprint0.Task4.V0.Test\Tyuiu.DylginA.Sprint0.Task4.V0.Test.csproj", "{6B99A2E9-94DB-43D0-AE45-A2587BBDB406}"
EndProject
Project("{2150E333-8FDC-42A3-9474-1A3956D46DE8}") = "Task5", "Task5", "{7E30299A-9F67-40F2-87D4-6B8F81C0BDD2}"
EndProject
Project("{FAE04EC0-301F-11D3-BF4B-00C04F79EFBC}") = "Tyuiu.DylginA.Sprint0.Task5.V0", "Tyuiu.DylginA.Sprint0.Task5.V0\Tyuiu.DylginA.Sprint0.Task5.V0.csproj", "{40E75D55-DDD1-433F-933B-EE3D12486298}"
EndProject
Project("{FAE04EC0-301F-11D3-BF4B-00C04F79EFBC}") = "Tyuiu.DylginA.Sprint0.Task5.V0.Lib", "Tyuiu.DylginA.Sprint0.Task5.V0.Lib\Tyuiu.DylginA.Sprint0.Task5.V0.Lib.csproj", "{283FA796-9D5F-4CAA-A694-F473F7CC9BEC}"
EndProject
Project("{FAE04EC0-301F-11D3-BF4B-00C04F79EFBC}") = "Tyuiu.DylginA.Sprint0.Task5.V0.Test", "Tyuiu.DylginA.Sprint0.Task5.V0.Test\Tyuiu.DylginA.Sprint0.Task5.V0.Test.csproj", "{16EE635D-C210-43A3-9166-349A498DE8C3}"
EndProject
Global
	GlobalSection(SolutionConfigurationPlatforms) = preSolution
		Debug|Any CPU = Debug|Any CPU
		Release|Any CPU = Release|Any CPU
	EndGlobalSection
	GlobalSection(ProjectConfigurationPlatforms) = postSolution
		{9CFB372F-303A-4EF2-A44B-CAA84367B038}.Debug|Any CPU.ActiveCfg = Debug|Any CPU
		{9CFB372F-303A-4EF2-A44B-CAA84367B038}.Debug|Any CPU.Build.0 = Debug|Any CPU
		{9CFB372F-303A-4EF2-A44B-CAA84367B038}.Release|Any CPU.ActiveCfg = Release|Any CPU
		{9CFB372F-303A-4EF2-A44B-CAA84367B038}.Release|Any CPU.Build.0 = Release|Any CPU
		{7CBFCC52-D558-4D8C-BD84-A7562AFC202A}.Debug|Any CPU.ActiveCfg = Debug|Any CPU
		{7CBFCC52-D558-4D8C-BD84-A7562AFC202A}.Debug|Any CPU.Build.0 = Debug|Any CPU
		{7CBFCC52-D558-4D8C-BD84-A7562AFC202A}.Release|Any CPU.ActiveCfg = Release|Any CPU
		{7CBFCC52-D558-4D8C-BD84-A7562AFC202A}.Release|Any CPU.Build.0 = Release|Any CPU
		{B25FF6E2-C7A9-4444-967A-703D92789A4B}.Debug|Any CPU.ActiveCfg = Debug|Any CPU
		{B25FF6E2-C7A9-4444-967A-703D92789A4B}.Debug|Any CPU.Build.0 = Debug|Any CPU
		{B25FF6E2-C7A9-4444-967A-703D92789A4B}.Release|Any CPU.ActiveCfg = Release|Any CPU
		{B25FF6E2-C7A9-4444-967A-703D92789A4B}.Release|Any CPU.Build.0 = Release|Any CPU
		{7BDB0AAC-7522-416E-A5DC-39D0EE817F11}.Debug|Any CPU.ActiveCfg = Debug|Any CPU
		{7BDB0AAC-7522-416E-A5DC-39D0EE817F11}.Debug|Any CPU.Build.0 = Debug|Any CPU
		{7BDB0AAC-7522-416E-A5DC-39D0EE817F11}.Release|Any CPU.ActiveCfg = Release|Any CPU
		{7BDB0AAC-7522-416E-A5DC-39D0EE817F11}.Release|Any CPU.Build.0 = Release|Any CPU
		{8DFD55DD-7C41-48AE-B5FD-B67BF62F2224}.Debug|Any CPU.ActiveCfg = Debug|Any CPU
		{8DFD55DD-7C41-48AE-B5FD-B67BF62F2224}.Debug|Any CPU.Build.0 = Debug|Any CPU
		{8DFD55DD-7C41-48AE-B5FD-B67BF62F2224}.Release|Any CPU.ActiveCfg = Release|Any CPU
		{8DFD55DD-7C41-48AE-B5FD-B67BF62F2224}.Release|Any CPU.Build.0 = Release|Any CPU
		{77B42C45-AD05-4EFC-BC92-D81417443026}.Debug|Any CPU.ActiveCfg = Debug|Any CPU
		{77B42C45-AD05-4EFC-BC92-D81417443026}.Debug|Any CPU.Build.0 = Debug|Any CPU
		{77B42C45-AD05-4EFC-BC92-D81417443026}.Release|Any CPU.ActiveCfg = Release|Any CPU
		{77B42C45-AD05-4EFC-BC92-D81417443026}.Release|Any CPU.Build.0 = Release|Any CPU
		{CAC95B5F-6C54-47A5-A31B-07FEE39B6CBA}.Debug|Any CPU.ActiveCfg = Debug|Any CPU
		{CAC95B5F-6C54-47A5-A31B-07FEE39B6CBA}.Debug|Any CPU.Build.0 = Debug|Any CPU
		{CAC95B5F-6C54-47A5-A31B-07FEE39B6CBA}.Release|Any CPU.ActiveCfg = Release|Any CPU
		{CAC95B5F-6C54-47A5-A31B-07FEE39B6CBA}.Release|Any CPU.Build.0 = Release|Any CPU
		{4942F0E0-2314-4EBF-9C3B-EABC758C3222}.Debug|Any CPU.ActiveCfg = Debug|Any CPU
		{4942F0E0-2314-4EBF-9C3B-EABC758C3222}.Debug|Any CPU.Build.0 = Debug|Any CPU
		{4942F0E0-2314-4EBF-9C3B-EABC758C3222}.Release|Any CPU.ActiveCfg = Release|Any CPU
		{4942F0E0-2314-4EBF-9C3B-EABC758C3222}.Release|Any CPU.Build.0 = Release|Any CPU
		{802A14DD-D17E-4B6F-945B-54BF3F27C3CA}.Debug|Any CPU.ActiveCfg = Debug|Any CPU
		{802A14DD-D17E-4B6F-945B-54BF3F27C3CA}.Debug|Any CPU.Build.0 = Debug|Any CPU
		{802A14DD-D17E-4B6F-945B-54BF3F27C3CA}.Release|Any CPU.ActiveCfg = Release|Any CPU
		{802A14DD-D17E-4B6F-945B-54BF3F27C3CA}.Release|Any CPU.Build.0 = Release|Any CPU
		{1A93878D-B60F-4EB2-ACAF-B5E5002E1245}.Debug|Any CPU.ActiveCfg = Debug|Any CPU
		{1A93878D-B60F-4EB2-ACAF-B5E5002E1245}.Debug|Any CPU.Build.0 = Debug|Any CPU
		{1A93878D-B60F-4EB2-ACAF-B5E5002E1245}.Release|Any CPU.ActiveCfg = Release|Any CPU
		{1A93878D-B60F-4EB2-ACAF-B5E5002E1245}.Release|Any CPU.Build.0 = Release|Any CPU
		{6B99A2E9-94DB-43D0-AE45-A2587BBDB406}.Debug|Any CPU.ActiveCfg = Debug|Any CPU
		{6B99A2E9-94DB-43D0-AE45-A2587BBDB406}.Debug|Any CPU.Build.0 = Debug|Any CPU
		{6B99A2E9-94DB-43D0-AE45-A2587BBDB406}.Release|Any CPU.ActiveCfg = Release|Any CPU
		{6B99A2E9-94DB-43D0-AE45-A2587BBDB406}.Release|Any CPU.Build.0 = Release|Any CPU
		{40E75D55-DDD1-433F-933B-EE3D12486298}.Debug|Any CPU.ActiveCfg = Debug|Any CPU
		{40E75D55-DDD1-433F-933B-EE3D12486298}.Debug|Any CPU.Build.0 = Debug|Any CPU
		{40E75D55-DDD1-433F-933B-EE3D12486298}.Release|Any CPU.ActiveCfg = Release|Any CPU
		{40E75D55-DDD1-433F-933B-EE3D12486298}.Release|Any CPU.Build.0 = Release|Any CPU
		{283FA796-9D5F-4CAA-A694-F473F7CC9BEC}.Debug|Any CPU.ActiveCfg = Debug|Any CPU
		{283FA796-9D5F-4CAA-A694-F473F7CC9BEC}.Debug|Any CPU.Build.0 = Debug|Any CPU
		{283FA796-9D5F-4CAA-A694-F473F7CC9BEC}.Release|Any CPU.ActiveCfg = Release|Any CPU
		{283FA796-9D5F-4CAA-A694-F473F7CC9BEC}.Release|Any CPU.Build.0 = Release|Any CPU
		{16EE635D-C210-43A3-9166-349A498DE8C3}.Debug|Any CPU.ActiveCfg = Debug|Any CPU
		{16EE635D-C210-43A3-9166-349A498DE8C3}.Debug|Any CPU.Build.0 = Debug|Any CPU
		{16EE635D-C210-43A3-9166-349A498DE8C3}.Release|Any CPU.ActiveCfg = Release|Any CPU
		{16EE635D-C210-43A3-9166-349A498DE8C3}.Release|Any CPU.Build.0 = Release|Any CPU
	EndGlobalSection
	GlobalSection(SolutionProperties) = preSolution
		HideSolutionNode = FALSE
	EndGlobalSection
	GlobalSection(NestedProjects) = preSolution
		{9CFB372F-303A-4EF2-A44B-CAA84367B038} = {0716ACFD-4645-4CC2-876C-D08B01117140}
		{7CBFCC52-D558-4D8C-BD84-A7562AFC202A} = {15EDEB86-DF0E-47C5-81DA-B00AB6DD4CBA}
		{B25FF6E2-C7A9-4444-967A-703D92789A4B} = {0FA29A05-C8C8-4753-ADE3-A2EFFA6F0720}
		{7BDB0AAC-7522-416E-A5DC-39D0EE817F11} = {0FA29A05-C8C8-4753-ADE3-A2EFFA6F0720}
		{8DFD55DD-7C41-48AE-B5FD-B67BF62F2224} = {0FA29A05-C8C8-4753-ADE3-A2EFFA6F0720}
		{77B42C45-AD05-4EFC-BC92-D81417443026} = {41E9CD14-DE8B-4FAA-9304-840046881581}
		{CAC95B5F-6C54-47A5-A31B-07FEE39B6CBA} = {41E9CD14-DE8B-4FAA-9304-840046881581}
		{4942F0E0-2314-4EBF-9C3B-EABC758C3222} = {41E9CD14-DE8B-4FAA-9304-840046881581}
		{802A14DD-D17E-4B6F-945B-54BF3F27C3CA} = {8A6C62F1-3367-4A65-8DEE-3A977EF69285}
		{1A93878D-B60F-4EB2-ACAF-B5E5002E1245} = {8A6C62F1-3367-4A65-8DEE-3A977EF69285}
		{6B99A2E9-94DB-43D0-AE45-A2587BBDB406} = {8A6C62F1-3367-4A65-8DEE-3A977EF69285}
		{40E75D55-DDD1-433F-933B-EE3D12486298} = {7E30299A-9F67-40F2-87D4-6B8F81C0BDD2}
		{283FA796-9D5F-4CAA-A694-F473F7CC9BEC} = {7E30299A-9F67-40F2-87D4-6B8F81C0BDD2}
		{16EE635D-C210-43A3-9166-349A498DE8C3} = {7E30299A-9F67-40F2-87D4-6B8F81C0BDD2}
	EndGlobalSection
	GlobalSection(ExtensibilityGlobals) = postSolution
		SolutionGuid = {D5197713-60B4-4619-BA42-DB75175E59F3}
	EndGlobalSection
EndGlobal
